
Microsoft Visual Studio Solution File, Format Version 12.00
# Visual Studio Version 16
VisualStudioVersion = 16.0.30711.63
MinimumVisualStudioVersion = 10.0.40219.1
Project("{FAE04EC0-301F-11D3-BF4B-00C04F79EFBC}") = "Project1", "Project1.csproj", "{EC2135F3-8974-4555-BC0B-A75258A30872}"
EndProject
Global
	GlobalSection(SolutionConfigurationPlatforms) = preSolution
		Debug|Any CPU = Debug|Any CPU
		Release|Any CPU = Release|Any CPU
	EndGlobalSection
	GlobalSection(ProjectConfigurationPlatforms) = postSolution
		{EC2135F3-8974-4555-BC0B-A75258A30872}.Debug|Any CPU.ActiveCfg = Debug|Any CPU
		{EC2135F3-8974-4555-BC0B-A75258A30872}.Debug|Any CPU.Build.0 = Debug|Any CPU
		{EC2135F3-8974-4555-BC0B-A75258A30872}.Release|Any CPU.ActiveCfg = Release|Any CPU
		{EC2135F3-8974-4555-BC0B-A75258A30872}.Release|Any CPU.Build.0 = Release|Any CPU
	EndGlobalSection
	GlobalSection(SolutionProperties) = preSolution
		HideSolutionNode = FALSE
	EndGlobalSection
	GlobalSection(ExtensibilityGlobals) = postSolution
		SolutionGuid = {66DDE77A-F0E5-4D25-80D6-B49A162B3F2C}
	EndGlobalSection
EndGlobal
